
Microsoft Visual Studio Solution File, Format Version 12.00
# Visual Studio Version 17
VisualStudioVersion = 17.10.35013.160
MinimumVisualStudioVersion = 10.0.40219.1
Project("{9A19103F-16F7-4668-BE54-9A1E7A4F7556}") = "PatientWebAPI", "PatientWebAPI\PatientWebAPI.csproj", "{0D723696-EBEA-4205-AA3F-43F0BE1DFCA7}"
EndProject
Project("{FAE04EC0-301F-11D3-BF4B-00C04F79EFBC}") = "SeedDataToWebAPI", "SeedDataToWebAPI\SeedDataToWebAPI.csproj", "{E901AC0D-42E1-41BF-BE15-EC65F0942159}"
EndProject
Global
	GlobalSection(SolutionConfigurationPlatforms) = preSolution
		Debug|Any CPU = Debug|Any CPU
		Release|Any CPU = Release|Any CPU
	EndGlobalSection
	GlobalSection(ProjectConfigurationPlatforms) = postSolution
		{0D723696-EBEA-4205-AA3F-43F0BE1DFCA7}.Debug|Any CPU.ActiveCfg = Debug|Any CPU
		{0D723696-EBEA-4205-AA3F-43F0BE1DFCA7}.Debug|Any CPU.Build.0 = Debug|Any CPU
		{0D723696-EBEA-4205-AA3F-43F0BE1DFCA7}.Release|Any CPU.ActiveCfg = Release|Any CPU
		{0D723696-EBEA-4205-AA3F-43F0BE1DFCA7}.Release|Any CPU.Build.0 = Release|Any CPU
		{E901AC0D-42E1-41BF-BE15-EC65F0942159}.Debug|Any CPU.ActiveCfg = Debug|Any CPU
		{E901AC0D-42E1-41BF-BE15-EC65F0942159}.Debug|Any CPU.Build.0 = Debug|Any CPU
		{E901AC0D-42E1-41BF-BE15-EC65F0942159}.Release|Any CPU.ActiveCfg = Release|Any CPU
		{E901AC0D-42E1-41BF-BE15-EC65F0942159}.Release|Any CPU.Build.0 = Release|Any CPU
	EndGlobalSection
	GlobalSection(SolutionProperties) = preSolution
		HideSolutionNode = FALSE
	EndGlobalSection
	GlobalSection(ExtensibilityGlobals) = postSolution
		SolutionGuid = {DDB0BCD3-2DA4-4CC8-B579-662FD2F34B3A}
	EndGlobalSection
EndGlobal
